# This runner is fixed to CPython 3.12 x64 on Windows Server.  Keep this
# deliberately separate from backend/requirements-dev.lock: uvloop is a
# valid Linux development dependency but has no Windows build.
pyyaml==6.0.3 \
    --hash=sha256:5fcd34e47f6e0b794d17de1b4ff496c00986e1c83f7ab2fb8fcfe9616ff7477b
